
Microsoft Visual Studio Solution File, Format Version 12.00
# Visual Studio 15
VisualStudioVersion = 15.0.28307.960
MinimumVisualStudioVersion = 10.0.40219.1
Project("{FAE04EC0-301F-11D3-BF4B-00C04F79EFBC}") = "CreateAzureVM", "CreateAzureVM.csproj", "{6F013D65-A00F-44AA-B9A6-FE62651ED1E9}"
EndProject
Project("{FAE04EC0-301F-11D3-BF4B-00C04F79EFBC}") = "CreateAzureVM.Core", "..\CreateAzureVM.Core\CreateAzureVM.Core.csproj", "{3E3FB9AE-DB2D-4A64-A329-002BE1EB373C}"
EndProject
Global
	GlobalSection(SolutionConfigurationPlatforms) = preSolution
		Debug|Any CPU = Debug|Any CPU
		Release|Any CPU = Release|Any CPU
	EndGlobalSection
	GlobalSection(ProjectConfigurationPlatforms) = postSolution
		{6F013D65-A00F-44AA-B9A6-FE62651ED1E9}.Debug|Any CPU.ActiveCfg = Debug|Any CPU
		{6F013D65-A00F-44AA-B9A6-FE62651ED1E9}.Debug|Any CPU.Build.0 = Debug|Any CPU
		{6F013D65-A00F-44AA-B9A6-FE62651ED1E9}.Release|Any CPU.ActiveCfg = Release|Any CPU
		{6F013D65-A00F-44AA-B9A6-FE62651ED1E9}.Release|Any CPU.Build.0 = Release|Any CPU
		{3E3FB9AE-DB2D-4A64-A329-002BE1EB373C}.Debug|Any CPU.ActiveCfg = Debug|Any CPU
		{3E3FB9AE-DB2D-4A64-A329-002BE1EB373C}.Debug|Any CPU.Build.0 = Debug|Any CPU
		{3E3FB9AE-DB2D-4A64-A329-002BE1EB373C}.Release|Any CPU.ActiveCfg = Release|Any CPU
		{3E3FB9AE-DB2D-4A64-A329-002BE1EB373C}.Release|Any CPU.Build.0 = Release|Any CPU
	EndGlobalSection
	GlobalSection(SolutionProperties) = preSolution
		HideSolutionNode = FALSE
	EndGlobalSection
	GlobalSection(ExtensibilityGlobals) = postSolution
		SolutionGuid = {74083A88-BF49-4CA4-97B9-F6CA9FF3B395}
	EndGlobalSection
EndGlobal
