
Microsoft Visual Studio Solution File, Format Version 12.00
# Visual Studio Version 16
VisualStudioVersion = 16.0.29613.14
MinimumVisualStudioVersion = 10.0.40219.1
Project("{9A19103F-16F7-4668-BE54-9A1E7A4F7556}") = "FaceDetectionV3", "FaceDetectionV3\FaceDetectionV3.csproj", "{47117289-F57B-4A45-9902-419DE41FE935}"
EndProject
Project("{9A19103F-16F7-4668-BE54-9A1E7A4F7556}") = "FaceAPI", "FaceAPI\FaceAPI.csproj", "{F9388D10-C9BF-43EE-BF13-6F0D429215CA}"
EndProject
Project("{9A19103F-16F7-4668-BE54-9A1E7A4F7556}") = "WebAppFaces", "WebAppFaces\WebAppFaces.csproj", "{39FAB80D-6772-4878-95C7-20556C2366BD}"
EndProject
Project("{151D2E53-A2C4-4D7D-83FE-D05416EBD58E}") = "Poli.AzureResourceGroup", "Poli.AzureResourceGroup\Poli.AzureResourceGroup.deployproj", "{E9056C49-54F1-41D2-9077-5E57021AC492}"
EndProject
Global
	GlobalSection(SolutionConfigurationPlatforms) = preSolution
		Debug|Any CPU = Debug|Any CPU
		Release|Any CPU = Release|Any CPU
	EndGlobalSection
	GlobalSection(ProjectConfigurationPlatforms) = postSolution
		{47117289-F57B-4A45-9902-419DE41FE935}.Debug|Any CPU.ActiveCfg = Debug|Any CPU
		{47117289-F57B-4A45-9902-419DE41FE935}.Debug|Any CPU.Build.0 = Debug|Any CPU
		{47117289-F57B-4A45-9902-419DE41FE935}.Release|Any CPU.ActiveCfg = Release|Any CPU
		{47117289-F57B-4A45-9902-419DE41FE935}.Release|Any CPU.Build.0 = Release|Any CPU
		{F9388D10-C9BF-43EE-BF13-6F0D429215CA}.Debug|Any CPU.ActiveCfg = Debug|Any CPU
		{F9388D10-C9BF-43EE-BF13-6F0D429215CA}.Debug|Any CPU.Build.0 = Debug|Any CPU
		{F9388D10-C9BF-43EE-BF13-6F0D429215CA}.Release|Any CPU.ActiveCfg = Release|Any CPU
		{F9388D10-C9BF-43EE-BF13-6F0D429215CA}.Release|Any CPU.Build.0 = Release|Any CPU
		{39FAB80D-6772-4878-95C7-20556C2366BD}.Debug|Any CPU.ActiveCfg = Debug|Any CPU
		{39FAB80D-6772-4878-95C7-20556C2366BD}.Debug|Any CPU.Build.0 = Debug|Any CPU
		{39FAB80D-6772-4878-95C7-20556C2366BD}.Release|Any CPU.ActiveCfg = Release|Any CPU
		{39FAB80D-6772-4878-95C7-20556C2366BD}.Release|Any CPU.Build.0 = Release|Any CPU
		{E9056C49-54F1-41D2-9077-5E57021AC492}.Debug|Any CPU.ActiveCfg = Debug|Any CPU
		{E9056C49-54F1-41D2-9077-5E57021AC492}.Debug|Any CPU.Build.0 = Debug|Any CPU
		{E9056C49-54F1-41D2-9077-5E57021AC492}.Release|Any CPU.ActiveCfg = Release|Any CPU
		{E9056C49-54F1-41D2-9077-5E57021AC492}.Release|Any CPU.Build.0 = Release|Any CPU
	EndGlobalSection
	GlobalSection(SolutionProperties) = preSolution
		HideSolutionNode = FALSE
	EndGlobalSection
	GlobalSection(ExtensibilityGlobals) = postSolution
		SolutionGuid = {3F0F83BE-09C3-4FD0-BC22-FE27FC53D4C4}
	EndGlobalSection
EndGlobal
