
Microsoft Visual Studio Solution File, Format Version 12.00
# Visual Studio Version 16
VisualStudioVersion = 16.0.28922.388
MinimumVisualStudioVersion = 10.0.40219.1
Project("{FAE04EC0-301F-11D3-BF4B-00C04F79EFBC}") = "MobileAppSample", "MobileAppSample\MobileAppSample.csproj", "{A8800B69-525B-4E2D-99FA-0EF0BABCCC27}"
EndProject
Project("{FAE04EC0-301F-11D3-BF4B-00C04F79EFBC}") = "MobileAppServer", "MobileAppServer\MobileAppServer\MobileAppServer.csproj", "{DAF5D302-688A-4B9F-B12C-10FEA8AF2C6B}"
EndProject
Global
	GlobalSection(SolutionConfigurationPlatforms) = preSolution
		Debug|Any CPU = Debug|Any CPU
		Debug|ARM = Debug|ARM
		Debug|ARM64 = Debug|ARM64
		Debug|x64 = Debug|x64
		Debug|x86 = Debug|x86
		Release|Any CPU = Release|Any CPU
		Release|ARM = Release|ARM
		Release|ARM64 = Release|ARM64
		Release|x64 = Release|x64
		Release|x86 = Release|x86
	EndGlobalSection
	GlobalSection(ProjectConfigurationPlatforms) = postSolution
		{A8800B69-525B-4E2D-99FA-0EF0BABCCC27}.Debug|Any CPU.ActiveCfg = Debug|x86
		{A8800B69-525B-4E2D-99FA-0EF0BABCCC27}.Debug|ARM.ActiveCfg = Debug|ARM
		{A8800B69-525B-4E2D-99FA-0EF0BABCCC27}.Debug|ARM.Build.0 = Debug|ARM
		{A8800B69-525B-4E2D-99FA-0EF0BABCCC27}.Debug|ARM.Deploy.0 = Debug|ARM
		{A8800B69-525B-4E2D-99FA-0EF0BABCCC27}.Debug|ARM64.ActiveCfg = Debug|ARM64
		{A8800B69-525B-4E2D-99FA-0EF0BABCCC27}.Debug|ARM64.Build.0 = Debug|ARM64
		{A8800B69-525B-4E2D-99FA-0EF0BABCCC27}.Debug|ARM64.Deploy.0 = Debug|ARM64
		{A8800B69-525B-4E2D-99FA-0EF0BABCCC27}.Debug|x64.ActiveCfg = Debug|x64
		{A8800B69-525B-4E2D-99FA-0EF0BABCCC27}.Debug|x64.Build.0 = Debug|x64
		{A8800B69-525B-4E2D-99FA-0EF0BABCCC27}.Debug|x64.Deploy.0 = Debug|x64
		{A8800B69-525B-4E2D-99FA-0EF0BABCCC27}.Debug|x86.ActiveCfg = Debug|x86
		{A8800B69-525B-4E2D-99FA-0EF0BABCCC27}.Debug|x86.Build.0 = Debug|x86
		{A8800B69-525B-4E2D-99FA-0EF0BABCCC27}.Debug|x86.Deploy.0 = Debug|x86
		{A8800B69-525B-4E2D-99FA-0EF0BABCCC27}.Release|Any CPU.ActiveCfg = Release|x86
		{A8800B69-525B-4E2D-99FA-0EF0BABCCC27}.Release|ARM.ActiveCfg = Release|ARM
		{A8800B69-525B-4E2D-99FA-0EF0BABCCC27}.Release|ARM.Build.0 = Release|ARM
		{A8800B69-525B-4E2D-99FA-0EF0BABCCC27}.Release|ARM.Deploy.0 = Release|ARM
		{A8800B69-525B-4E2D-99FA-0EF0BABCCC27}.Release|ARM64.ActiveCfg = Release|ARM64
		{A8800B69-525B-4E2D-99FA-0EF0BABCCC27}.Release|ARM64.Build.0 = Release|ARM64
		{A8800B69-525B-4E2D-99FA-0EF0BABCCC27}.Release|ARM64.Deploy.0 = Release|ARM64
		{A8800B69-525B-4E2D-99FA-0EF0BABCCC27}.Release|x64.ActiveCfg = Release|x64
		{A8800B69-525B-4E2D-99FA-0EF0BABCCC27}.Release|x64.Build.0 = Release|x64
		{A8800B69-525B-4E2D-99FA-0EF0BABCCC27}.Release|x64.Deploy.0 = Release|x64
		{A8800B69-525B-4E2D-99FA-0EF0BABCCC27}.Release|x86.ActiveCfg = Release|x86
		{A8800B69-525B-4E2D-99FA-0EF0BABCCC27}.Release|x86.Build.0 = Release|x86
		{A8800B69-525B-4E2D-99FA-0EF0BABCCC27}.Release|x86.Deploy.0 = Release|x86
		{DAF5D302-688A-4B9F-B12C-10FEA8AF2C6B}.Debug|Any CPU.ActiveCfg = Debug|Any CPU
		{DAF5D302-688A-4B9F-B12C-10FEA8AF2C6B}.Debug|Any CPU.Build.0 = Debug|Any CPU
		{DAF5D302-688A-4B9F-B12C-10FEA8AF2C6B}.Debug|ARM.ActiveCfg = Debug|Any CPU
		{DAF5D302-688A-4B9F-B12C-10FEA8AF2C6B}.Debug|ARM.Build.0 = Debug|Any CPU
		{DAF5D302-688A-4B9F-B12C-10FEA8AF2C6B}.Debug|ARM64.ActiveCfg = Debug|Any CPU
		{DAF5D302-688A-4B9F-B12C-10FEA8AF2C6B}.Debug|ARM64.Build.0 = Debug|Any CPU
		{DAF5D302-688A-4B9F-B12C-10FEA8AF2C6B}.Debug|x64.ActiveCfg = Debug|Any CPU
		{DAF5D302-688A-4B9F-B12C-10FEA8AF2C6B}.Debug|x64.Build.0 = Debug|Any CPU
		{DAF5D302-688A-4B9F-B12C-10FEA8AF2C6B}.Debug|x86.ActiveCfg = Debug|Any CPU
		{DAF5D302-688A-4B9F-B12C-10FEA8AF2C6B}.Debug|x86.Build.0 = Debug|Any CPU
		{DAF5D302-688A-4B9F-B12C-10FEA8AF2C6B}.Release|Any CPU.ActiveCfg = Release|Any CPU
		{DAF5D302-688A-4B9F-B12C-10FEA8AF2C6B}.Release|Any CPU.Build.0 = Release|Any CPU
		{DAF5D302-688A-4B9F-B12C-10FEA8AF2C6B}.Release|ARM.ActiveCfg = Release|Any CPU
		{DAF5D302-688A-4B9F-B12C-10FEA8AF2C6B}.Release|ARM.Build.0 = Release|Any CPU
		{DAF5D302-688A-4B9F-B12C-10FEA8AF2C6B}.Release|ARM64.ActiveCfg = Release|Any CPU
		{DAF5D302-688A-4B9F-B12C-10FEA8AF2C6B}.Release|ARM64.Build.0 = Release|Any CPU
		{DAF5D302-688A-4B9F-B12C-10FEA8AF2C6B}.Release|x64.ActiveCfg = Release|Any CPU
		{DAF5D302-688A-4B9F-B12C-10FEA8AF2C6B}.Release|x64.Build.0 = Release|Any CPU
		{DAF5D302-688A-4B9F-B12C-10FEA8AF2C6B}.Release|x86.ActiveCfg = Release|Any CPU
		{DAF5D302-688A-4B9F-B12C-10FEA8AF2C6B}.Release|x86.Build.0 = Release|Any CPU
	EndGlobalSection
	GlobalSection(SolutionProperties) = preSolution
		HideSolutionNode = FALSE
	EndGlobalSection
	GlobalSection(ExtensibilityGlobals) = postSolution
		SolutionGuid = {599BAF87-C694-40B0-9FAD-F8B567A17693}
	EndGlobalSection
EndGlobal
